{
  "name": "Overfrag",
  "lockfileVersion": 3,
  "requires": true,
  "packages": {
    "": {
      "workspaces": [
        "client",
        "server",
        "shared"
      ]
    },
    "client": {
      "name": "fps-client",
      "version": "1.0.0",
      "dependencies": {
        "@recast-navigation/three": "^0.41.0",
        "recast-navigation": "^0.41.0",
        "socket.io-client": "^4.7.2",
        "three": "^0.160.1",
        "three-mesh-bvh": "^0.9.1"
      },
      "devDependencies": {
        "dotenv": "^17.0.0",
        "ftp-deploy": "^2.4.7",
        "vite": "^5.0.0"
      }
    },
    "client/node_modules/@dimforge/rapier3d-compat": {
      "version": "0.12.0",
      "license": "Apache-2.0",
      "peer": true
    },
    "client/node_modules/@esbuild/win32-x64": {
      "version": "0.21.5",
      "cpu": [
        "x64"
      ],
      "dev": true,
      "license": "MIT",
      "optional": true,
      "os": [
        "win32"
      ],
      "engines": {
        "node": ">=12"
      }
    },
    "client/node_modules/@icetee/ftp": {
      "version": "0.3.15",
      "dev": true,
      "dependencies": {
        "readable-stream": "1.1.x",
        "xregexp": "2.0.0"
      },
      "engines": {
        "node": ">=0.8.0"
      }
    },
    "client/node_modules/@recast-navigation/core": {
      "version": "0.41.0",
      "license": "MIT",
      "dependencies": {
        "@recast-navigation/wasm": "0.41.0"
      }
    },
    "client/node_modules/@recast-navigation/generators": {
      "version": "0.41.0",
      "license": "MIT",
      "dependencies": {
        "@recast-navigation/core": "0.41.0",
        "@recast-navigation/wasm": "0.41.0"
      }
    },
    "client/node_modules/@recast-navigation/three": {
      "version": "0.41.0",
      "license": "MIT",
      "dependencies": {
        "@recast-navigation/core": "0.41.0",
        "@recast-navigation/generators": "0.41.0"
      },
      "peerDependencies": {
        "@types/three": "0.x.x",
        "three": "0.x.x"
      }
    },
    "client/node_modules/@recast-navigation/wasm": {
      "version": "0.41.0",
      "license": "MIT"
    },
    "client/node_modules/@rollup/rollup-win32-x64-msvc": {
      "version": "4.44.1",
      "cpu": [
        "x64"
      ],
      "dev": true,
      "license": "MIT",
      "optional": true,
      "os": [
        "win32"
      ]
    },
    "client/node_modules/@socket.io/component-emitter": {
      "version": "3.1.2",
      "license": "MIT"
    },
    "client/node_modules/@tweenjs/tween.js": {
      "version": "23.1.3",
      "license": "MIT",
      "peer": true
    },
    "client/node_modules/@types/estree": {
      "version": "1.0.8",
      "dev": true,
      "license": "MIT"
    },
    "client/node_modules/@types/stats.js": {
      "version": "0.17.4",
      "license": "MIT",
      "peer": true
    },
    "client/node_modules/@types/three": {
      "version": "0.178.1",
      "license": "MIT",
      "peer": true,
      "dependencies": {
        "@dimforge/rapier3d-compat": "~0.12.0",
        "@tweenjs/tween.js": "~23.1.3",
        "@types/stats.js": "*",
        "@types/webxr": "*",
        "@webgpu/types": "*",
        "fflate": "~0.8.2",
        "meshoptimizer": "~0.18.1"
      }
    },
    "client/node_modules/@types/webxr": {
      "version": "0.5.22",
      "license": "MIT",
      "peer": true
    },
    "client/node_modules/@webgpu/types": {
      "version": "0.1.64",
      "license": "BSD-3-Clause",
      "peer": true
    },
    "client/node_modules/asn1": {
      "version": "0.2.6",
      "dev": true,
      "license": "MIT",
      "dependencies": {
        "safer-buffer": "~2.1.0"
      }
    },
    "client/node_modules/balanced-match": {
      "version": "1.0.2",
      "dev": true,
      "license": "MIT"
    },
    "client/node_modules/bcrypt-pbkdf": {
      "version": "1.0.2",
      "dev": true,
      "license": "BSD-3-Clause",
      "dependencies": {
        "tweetnacl": "^0.14.3"
      }
    },
    "client/node_modules/bluebird": {
      "version": "2.11.0",
      "dev": true,
      "license": "MIT"
    },
    "client/node_modules/brace-expansion": {
      "version": "2.0.2",
      "dev": true,
      "license": "MIT",
      "dependencies": {
        "balanced-match": "^1.0.0"
      }
    },
    "client/node_modules/buffer-from": {
      "version": "1.1.2",
      "dev": true,
      "license": "MIT"
    },
    "client/node_modules/concat-stream": {
      "version": "2.0.0",
      "dev": true,
      "engines": [
        "node >= 6.0"
      ],
      "license": "MIT",
      "dependencies": {
        "buffer-from": "^1.0.0",
        "inherits": "^2.0.3",
        "readable-stream": "^3.0.2",
        "typedarray": "^0.0.6"
      }
    },
    "client/node_modules/concat-stream/node_modules/readable-stream": {
      "version": "3.6.2",
      "dev": true,
      "license": "MIT",
      "dependencies": {
        "inherits": "^2.0.3",
        "string_decoder": "^1.1.1",
        "util-deprecate": "^1.0.1"
      },
      "engines": {
        "node": ">= 6"
      }
    },
    "client/node_modules/concat-stream/node_modules/string_decoder": {
      "version": "1.3.0",
      "dev": true,
      "license": "MIT",
      "dependencies": {
        "safe-buffer": "~5.2.0"
      }
    },
    "client/node_modules/core-util-is": {
      "version": "1.0.3",
      "dev": true,
      "license": "MIT"
    },
    "client/node_modules/debug": {
      "version": "4.3.7",
      "license": "MIT",
      "dependencies": {
        "ms": "^2.1.3"
      },
      "engines": {
        "node": ">=6.0"
      },
      "peerDependenciesMeta": {
        "supports-color": {
          "optional": true
        }
      }
    },
    "client/node_modules/dotenv": {
      "version": "17.2.0",
      "dev": true,
      "license": "BSD-2-Clause",
      "engines": {
        "node": ">=12"
      },
      "funding": {
        "url": "https://dotenvx.com"
      }
    },
    "client/node_modules/engine.io-client": {
      "version": "6.6.3",
      "license": "MIT",
      "dependencies": {
        "@socket.io/component-emitter": "~3.1.0",
        "debug": "~4.3.1",
        "engine.io-parser": "~5.2.1",
        "ws": "~8.17.1",
        "xmlhttprequest-ssl": "~2.1.1"
      }
    },
    "client/node_modules/engine.io-parser": {
      "version": "5.2.3",
      "license": "MIT",
      "engines": {
        "node": ">=10.0.0"
      }
    },
    "client/node_modules/err-code": {
      "version": "2.0.3",
      "dev": true,
      "license": "MIT"
    },
    "client/node_modules/esbuild": {
      "version": "0.21.5",
      "dev": true,
      "hasInstallScript": true,
      "license": "MIT",
      "bin": {
        "esbuild": "bin/esbuild"
      },
      "engines": {
        "node": ">=12"
      },
      "optionalDependencies": {
        "@esbuild/aix-ppc64": "0.21.5",
        "@esbuild/android-arm": "0.21.5",
        "@esbuild/android-arm64": "0.21.5",
        "@esbuild/android-x64": "0.21.5",
        "@esbuild/darwin-arm64": "0.21.5",
        "@esbuild/darwin-x64": "0.21.5",
        "@esbuild/freebsd-arm64": "0.21.5",
        "@esbuild/freebsd-x64": "0.21.5",
        "@esbuild/linux-arm": "0.21.5",
        "@esbuild/linux-arm64": "0.21.5",
        "@esbuild/linux-ia32": "0.21.5",
        "@esbuild/linux-loong64": "0.21.5",
        "@esbuild/linux-mips64el": "0.21.5",
        "@esbuild/linux-ppc64": "0.21.5",
        "@esbuild/linux-riscv64": "0.21.5",
        "@esbuild/linux-s390x": "0.21.5",
        "@esbuild/linux-x64": "0.21.5",
        "@esbuild/netbsd-x64": "0.21.5",
        "@esbuild/openbsd-x64": "0.21.5",
        "@esbuild/sunos-x64": "0.21.5",
        "@esbuild/win32-arm64": "0.21.5",
        "@esbuild/win32-ia32": "0.21.5",
        "@esbuild/win32-x64": "0.21.5"
      }
    },
    "client/node_modules/fflate": {
      "version": "0.8.2",
      "license": "MIT",
      "peer": true
    },
    "client/node_modules/ftp-deploy": {
      "version": "2.4.7",
      "dev": true,
      "license": "MIT",
      "dependencies": {
        "minimatch": "9.0.0",
        "promise-ftp": "^1.3.5",
        "read": "^2.1.0",
        "ssh2-sftp-client": "^7.2.3",
        "upath": "^2.0.1"
      },
      "engines": {
        "node": ">=12"
      }
    },
    "client/node_modules/inherits": {
      "version": "2.0.4",
      "dev": true,
      "license": "ISC"
    },
    "client/node_modules/isarray": {
      "version": "0.0.1",
      "dev": true,
      "license": "MIT"
    },
    "client/node_modules/meshoptimizer": {
      "version": "0.18.1",
      "license": "MIT",
      "peer": true
    },
    "client/node_modules/minimatch": {
      "version": "9.0.0",
      "dev": true,
      "license": "ISC",
      "dependencies": {
        "brace-expansion": "^2.0.1"
      },
      "engines": {
        "node": ">=16 || 14 >=14.17"
      },
      "funding": {
        "url": "https://github.com/sponsors/isaacs"
      }
    },
    "client/node_modules/ms": {
      "version": "2.1.3",
      "license": "MIT"
    },
    "client/node_modules/mute-stream": {
      "version": "1.0.0",
      "dev": true,
      "license": "ISC",
      "engines": {
        "node": "^14.17.0 || ^16.13.0 || >=18.0.0"
      }
    },
    "client/node_modules/nanoid": {
      "version": "3.3.11",
      "dev": true,
      "funding": [
        {
          "type": "github",
          "url": "https://github.com/sponsors/ai"
        }
      ],
      "license": "MIT",
      "bin": {
        "nanoid": "bin/nanoid.cjs"
      },
      "engines": {
        "node": "^10 || ^12 || ^13.7 || ^14 || >=15.0.1"
      }
    },
    "client/node_modules/picocolors": {
      "version": "1.1.1",
      "dev": true,
      "license": "ISC"
    },
    "client/node_modules/postcss": {
      "version": "8.5.6",
      "dev": true,
      "funding": [
        {
          "type": "opencollective",
          "url": "https://opencollective.com/postcss/"
        },
        {
          "type": "tidelift",
          "url": "https://tidelift.com/funding/github/npm/postcss"
        },
        {
          "type": "github",
          "url": "https://github.com/sponsors/ai"
        }
      ],
      "license": "MIT",
      "dependencies": {
        "nanoid": "^3.3.11",
        "picocolors": "^1.1.1",
        "source-map-js": "^1.2.1"
      },
      "engines": {
        "node": "^10 || ^12 || >=14"
      }
    },
    "client/node_modules/promise-ftp": {
      "version": "1.3.5",
      "dev": true,
      "license": "MIT",
      "dependencies": {
        "@icetee/ftp": "^0.3.15",
        "bluebird": "2.x",
        "promise-ftp-common": "^1.1.5"
      },
      "engines": {
        "iojs": "*",
        "node": ">=0.11.13"
      },
      "peerDependencies": {
        "promise-ftp-common": "^1.1.5"
      }
    },
    "client/node_modules/promise-ftp-common": {
      "version": "1.1.5",
      "dev": true,
      "license": "MIT"
    },
    "client/node_modules/promise-retry": {
      "version": "2.0.1",
      "dev": true,
      "license": "MIT",
      "dependencies": {
        "err-code": "^2.0.2",
        "retry": "^0.12.0"
      },
      "engines": {
        "node": ">=10"
      }
    },
    "client/node_modules/read": {
      "version": "2.1.0",
      "dev": true,
      "license": "ISC",
      "dependencies": {
        "mute-stream": "~1.0.0"
      },
      "engines": {
        "node": "^14.17.0 || ^16.13.0 || >=18.0.0"
      }
    },
    "client/node_modules/readable-stream": {
      "version": "1.1.14",
      "dev": true,
      "license": "MIT",
      "dependencies": {
        "core-util-is": "~1.0.0",
        "inherits": "~2.0.1",
        "isarray": "0.0.1",
        "string_decoder": "~0.10.x"
      }
    },
    "client/node_modules/recast-navigation": {
      "version": "0.41.0",
      "license": "MIT",
      "dependencies": {
        "@recast-navigation/core": "0.41.0",
        "@recast-navigation/generators": "0.41.0"
      }
    },
    "client/node_modules/retry": {
      "version": "0.12.0",
      "dev": true,
      "license": "MIT",
      "engines": {
        "node": ">= 4"
      }
    },
    "client/node_modules/rollup": {
      "version": "4.44.1",
      "dev": true,
      "license": "MIT",
      "dependencies": {
        "@types/estree": "1.0.8"
      },
      "bin": {
        "rollup": "dist/bin/rollup"
      },
      "engines": {
        "node": ">=18.0.0",
        "npm": ">=8.0.0"
      },
      "optionalDependencies": {
        "@rollup/rollup-android-arm-eabi": "4.44.1",
        "@rollup/rollup-android-arm64": "4.44.1",
        "@rollup/rollup-darwin-arm64": "4.44.1",
        "@rollup/rollup-darwin-x64": "4.44.1",
        "@rollup/rollup-freebsd-arm64": "4.44.1",
        "@rollup/rollup-freebsd-x64": "4.44.1",
        "@rollup/rollup-linux-arm-gnueabihf": "4.44.1",
        "@rollup/rollup-linux-arm-musleabihf": "4.44.1",
        "@rollup/rollup-linux-arm64-gnu": "4.44.1",
        "@rollup/rollup-linux-arm64-musl": "4.44.1",
        "@rollup/rollup-linux-loongarch64-gnu": "4.44.1",
        "@rollup/rollup-linux-powerpc64le-gnu": "4.44.1",
        "@rollup/rollup-linux-riscv64-gnu": "4.44.1",
        "@rollup/rollup-linux-riscv64-musl": "4.44.1",
        "@rollup/rollup-linux-s390x-gnu": "4.44.1",
        "@rollup/rollup-linux-x64-gnu": "4.44.1",
        "@rollup/rollup-linux-x64-musl": "4.44.1",
        "@rollup/rollup-win32-arm64-msvc": "4.44.1",
        "@rollup/rollup-win32-ia32-msvc": "4.44.1",
        "@rollup/rollup-win32-x64-msvc": "4.44.1",
        "fsevents": "~2.3.2"
      }
    },
    "client/node_modules/safe-buffer": {
      "version": "5.2.1",
      "dev": true,
      "funding": [
        {
          "type": "github",
          "url": "https://github.com/sponsors/feross"
        },
        {
          "type": "patreon",
          "url": "https://www.patreon.com/feross"
        },
        {
          "type": "consulting",
          "url": "https://feross.org/support"
        }
      ],
      "license": "MIT"
    },
    "client/node_modules/safer-buffer": {
      "version": "2.1.2",
      "dev": true,
      "license": "MIT"
    },
    "client/node_modules/socket.io-client": {
      "version": "4.8.1",
      "license": "MIT",
      "dependencies": {
        "@socket.io/component-emitter": "~3.1.0",
        "debug": "~4.3.2",
        "engine.io-client": "~6.6.1",
        "socket.io-parser": "~4.2.4"
      },
      "engines": {
        "node": ">=10.0.0"
      }
    },
    "client/node_modules/socket.io-parser": {
      "version": "4.2.4",
      "license": "MIT",
      "dependencies": {
        "@socket.io/component-emitter": "~3.1.0",
        "debug": "~4.3.1"
      },
      "engines": {
        "node": ">=10.0.0"
      }
    },
    "client/node_modules/source-map-js": {
      "version": "1.2.1",
      "dev": true,
      "license": "BSD-3-Clause",
      "engines": {
        "node": ">=0.10.0"
      }
    },
    "client/node_modules/ssh2": {
      "version": "1.16.0",
      "dev": true,
      "hasInstallScript": true,
      "dependencies": {
        "asn1": "^0.2.6",
        "bcrypt-pbkdf": "^1.0.2"
      },
      "engines": {
        "node": ">=10.16.0"
      },
      "optionalDependencies": {
        "cpu-features": "~0.0.10",
        "nan": "^2.20.0"
      }
    },
    "client/node_modules/ssh2-sftp-client": {
      "version": "7.2.3",
      "dev": true,
      "license": "Apache-2.0",
      "dependencies": {
        "concat-stream": "^2.0.0",
        "promise-retry": "^2.0.1",
        "ssh2": "^1.8.0"
      },
      "engines": {
        "node": ">=10.24.1"
      }
    },
    "client/node_modules/string_decoder": {
      "version": "0.10.31",
      "dev": true,
      "license": "MIT"
    },
    "client/node_modules/three": {
      "version": "0.160.1",
      "license": "MIT"
    },
    "client/node_modules/three-mesh-bvh": {
      "version": "0.9.1",
      "license": "MIT",
      "peerDependencies": {
        "three": ">= 0.159.0"
      }
    },
    "client/node_modules/tweetnacl": {
      "version": "0.14.5",
      "dev": true,
      "license": "Unlicense"
    },
    "client/node_modules/typedarray": {
      "version": "0.0.6",
      "dev": true,
      "license": "MIT"
    },
    "client/node_modules/upath": {
      "version": "2.0.1",
      "dev": true,
      "license": "MIT",
      "engines": {
        "node": ">=4",
        "yarn": "*"
      }
    },
    "client/node_modules/util-deprecate": {
      "version": "1.0.2",
      "dev": true,
      "license": "MIT"
    },
    "client/node_modules/vite": {
      "version": "5.4.19",
      "dev": true,
      "license": "MIT",
      "dependencies": {
        "esbuild": "^0.21.3",
        "postcss": "^8.4.43",
        "rollup": "^4.20.0"
      },
      "bin": {
        "vite": "bin/vite.js"
      },
      "engines": {
        "node": "^18.0.0 || >=20.0.0"
      },
      "funding": {
        "url": "https://github.com/vitejs/vite?sponsor=1"
      },
      "optionalDependencies": {
        "fsevents": "~2.3.3"
      },
      "peerDependencies": {
        "@types/node": "^18.0.0 || >=20.0.0",
        "less": "*",
        "lightningcss": "^1.21.0",
        "sass": "*",
        "sass-embedded": "*",
        "stylus": "*",
        "sugarss": "*",
        "terser": "^5.4.0"
      },
      "peerDependenciesMeta": {
        "@types/node": {
          "optional": true
        },
        "less": {
          "optional": true
        },
        "lightningcss": {
          "optional": true
        },
        "sass": {
          "optional": true
        },
        "sass-embedded": {
          "optional": true
        },
        "stylus": {
          "optional": true
        },
        "sugarss": {
          "optional": true
        },
        "terser": {
          "optional": true
        }
      }
    },
    "client/node_modules/ws": {
      "version": "8.17.1",
      "license": "MIT",
      "engines": {
        "node": ">=10.0.0"
      },
      "peerDependencies": {
        "bufferutil": "^4.0.1",
        "utf-8-validate": ">=5.0.2"
      },
      "peerDependenciesMeta": {
        "bufferutil": {
          "optional": true
        },
        "utf-8-validate": {
          "optional": true
        }
      }
    },
    "client/node_modules/xmlhttprequest-ssl": {
      "version": "2.1.2",
      "engines": {
        "node": ">=0.4.0"
      }
    },
    "client/node_modules/xregexp": {
      "version": "2.0.0",
      "dev": true,
      "license": "MIT"
    },
    "node_modules/fps-client": {
      "resolved": "client",
      "link": true
    },
    "node_modules/overfrag-server": {
      "resolved": "server",
      "link": true
    },
    "node_modules/shared": {
      "resolved": "shared",
      "link": true
    },
    "server": {
      "name": "overfrag-server",
      "version": "1.0.0"
    },
    "shared": {
      "version": "1.0.0"
    }
  }
}
